
Microsoft Visual Studio Solution File, Format Version 12.00
# Visual Studio Express 2012 for Windows Desktop
Project("{FAE04EC0-301F-11D3-BF4B-00C04F79EFBC}") = "01.NumbersFrom1ToN", "01.NumbersFrom1ToN\01.NumbersFrom1ToN.csproj", "{F6ECD5C1-4834-4182-A54D-6DD30A78CA6D}"
EndProject
Project("{FAE04EC0-301F-11D3-BF4B-00C04F79EFBC}") = "02.NumbersNotDivisibleBy21", "02.NumbersNotDivisibleBy21\02.NumbersNotDivisibleBy21.csproj", "{AA9C5EBE-E015-4447-BEAB-044E47C4B733}"
EndProject
Project("{FAE04EC0-301F-11D3-BF4B-00C04F79EFBC}") = "03.MinMaxOfN", "03.MinMaxOfN\03.MinMaxOfN.csproj", "{EACFB4C1-31BA-49C1-9977-5BB48EC7859D}"
EndProject
Project("{FAE04EC0-301F-11D3-BF4B-00C04F79EFBC}") = "04.DivisionOfFactorials", "04.DivisionOfFactorials\04.DivisionOfFactorials.csproj", "{77EFDA06-64E1-478D-83E4-05F2F56F598D}"
EndProject
Project("{FAE04EC0-301F-11D3-BF4B-00C04F79EFBC}") = "05.SoMuchFactorials", "05.SoMuchFactorials\05.SoMuchFactorials.csproj", "{CF8C884D-1D21-4E7D-82B7-7B55998C8EA6}"
EndProject
Project("{FAE04EC0-301F-11D3-BF4B-00C04F79EFBC}") = "06.FactorialOverExponent", "06.FactorialOverExponent\06.FactorialOverExponent.csproj", "{793B6B71-AA19-4ACA-B3E1-44B75E53F1CB}"
EndProject
Project("{FAE04EC0-301F-11D3-BF4B-00C04F79EFBC}") = "07.FibonacciSum", "07.FibonacciSum\07.FibonacciSum.csproj", "{D0605A76-7B05-4E1C-B6C1-9AA625E7A680}"
EndProject
Project("{FAE04EC0-301F-11D3-BF4B-00C04F79EFBC}") = "08.GreatestCommonDivisor", "08.GreatestCommonDivisor\08.GreatestCommonDivisor.csproj", "{084D9692-3C7E-4C8B-AA3D-8E529323D59D}"
EndProject
Project("{FAE04EC0-301F-11D3-BF4B-00C04F79EFBC}") = "09-10.CatalanNumbers", "09-10.CatalanNumbers\09-10.CatalanNumbers.csproj", "{BEC334AE-9739-49A2-A0D7-84F47B8401DA}"
EndProject
Project("{FAE04EC0-301F-11D3-BF4B-00C04F79EFBC}") = "11.DeckOfCards", "11.DeckOfCards\11.DeckOfCards.csproj", "{B4F229C1-7B46-4BFF-9F4D-2A05EEB8DCB1}"
EndProject
Project("{FAE04EC0-301F-11D3-BF4B-00C04F79EFBC}") = "12.MatrixNByN", "12.MatrixNByN\12.MatrixNByN.csproj", "{215BED81-869E-4929-8B64-157AAD2C876C}"
EndProject
Project("{FAE04EC0-301F-11D3-BF4B-00C04F79EFBC}") = "13.ZerosInFactorial", "13.ZerosInFactorial\13.ZerosInFactorial.csproj", "{22F50BD8-5E67-4430-B2EB-4A8EAED6561E}"
EndProject
Global
	GlobalSection(SolutionConfigurationPlatforms) = preSolution
		Debug|Any CPU = Debug|Any CPU
		Release|Any CPU = Release|Any CPU
	EndGlobalSection
	GlobalSection(ProjectConfigurationPlatforms) = postSolution
		{F6ECD5C1-4834-4182-A54D-6DD30A78CA6D}.Debug|Any CPU.ActiveCfg = Debug|Any CPU
		{F6ECD5C1-4834-4182-A54D-6DD30A78CA6D}.Debug|Any CPU.Build.0 = Debug|Any CPU
		{F6ECD5C1-4834-4182-A54D-6DD30A78CA6D}.Release|Any CPU.ActiveCfg = Release|Any CPU
		{F6ECD5C1-4834-4182-A54D-6DD30A78CA6D}.Release|Any CPU.Build.0 = Release|Any CPU
		{AA9C5EBE-E015-4447-BEAB-044E47C4B733}.Debug|Any CPU.ActiveCfg = Debug|Any CPU
		{AA9C5EBE-E015-4447-BEAB-044E47C4B733}.Debug|Any CPU.Build.0 = Debug|Any CPU
		{AA9C5EBE-E015-4447-BEAB-044E47C4B733}.Release|Any CPU.ActiveCfg = Release|Any CPU
		{AA9C5EBE-E015-4447-BEAB-044E47C4B733}.Release|Any CPU.Build.0 = Release|Any CPU
		{EACFB4C1-31BA-49C1-9977-5BB48EC7859D}.Debug|Any CPU.ActiveCfg = Debug|Any CPU
		{EACFB4C1-31BA-49C1-9977-5BB48EC7859D}.Debug|Any CPU.Build.0 = Debug|Any CPU
		{EACFB4C1-31BA-49C1-9977-5BB48EC7859D}.Release|Any CPU.ActiveCfg = Release|Any CPU
		{EACFB4C1-31BA-49C1-9977-5BB48EC7859D}.Release|Any CPU.Build.0 = Release|Any CPU
		{77EFDA06-64E1-478D-83E4-05F2F56F598D}.Debug|Any CPU.ActiveCfg = Debug|Any CPU
		{77EFDA06-64E1-478D-83E4-05F2F56F598D}.Debug|Any CPU.Build.0 = Debug|Any CPU
		{77EFDA06-64E1-478D-83E4-05F2F56F598D}.Release|Any CPU.ActiveCfg = Release|Any CPU
		{77EFDA06-64E1-478D-83E4-05F2F56F598D}.Release|Any CPU.Build.0 = Release|Any CPU
		{CF8C884D-1D21-4E7D-82B7-7B55998C8EA6}.Debug|Any CPU.ActiveCfg = Debug|Any CPU
		{CF8C884D-1D21-4E7D-82B7-7B55998C8EA6}.Debug|Any CPU.Build.0 = Debug|Any CPU
		{CF8C884D-1D21-4E7D-82B7-7B55998C8EA6}.Release|Any CPU.ActiveCfg = Release|Any CPU
		{CF8C884D-1D21-4E7D-82B7-7B55998C8EA6}.Release|Any CPU.Build.0 = Release|Any CPU
		{793B6B71-AA19-4ACA-B3E1-44B75E53F1CB}.Debug|Any CPU.ActiveCfg = Debug|Any CPU
		{793B6B71-AA19-4ACA-B3E1-44B75E53F1CB}.Debug|Any CPU.Build.0 = Debug|Any CPU
		{793B6B71-AA19-4ACA-B3E1-44B75E53F1CB}.Release|Any CPU.ActiveCfg = Release|Any CPU
		{793B6B71-AA19-4ACA-B3E1-44B75E53F1CB}.Release|Any CPU.Build.0 = Release|Any CPU
		{D0605A76-7B05-4E1C-B6C1-9AA625E7A680}.Debug|Any CPU.ActiveCfg = Debug|Any CPU
		{D0605A76-7B05-4E1C-B6C1-9AA625E7A680}.Debug|Any CPU.Build.0 = Debug|Any CPU
		{D0605A76-7B05-4E1C-B6C1-9AA625E7A680}.Release|Any CPU.ActiveCfg = Release|Any CPU
		{D0605A76-7B05-4E1C-B6C1-9AA625E7A680}.Release|Any CPU.Build.0 = Release|Any CPU
		{084D9692-3C7E-4C8B-AA3D-8E529323D59D}.Debug|Any CPU.ActiveCfg = Debug|Any CPU
		{084D9692-3C7E-4C8B-AA3D-8E529323D59D}.Debug|Any CPU.Build.0 = Debug|Any CPU
		{084D9692-3C7E-4C8B-AA3D-8E529323D59D}.Release|Any CPU.ActiveCfg = Release|Any CPU
		{084D9692-3C7E-4C8B-AA3D-8E529323D59D}.Release|Any CPU.Build.0 = Release|Any CPU
		{BEC334AE-9739-49A2-A0D7-84F47B8401DA}.Debug|Any CPU.ActiveCfg = Debug|Any CPU
		{BEC334AE-9739-49A2-A0D7-84F47B8401DA}.Debug|Any CPU.Build.0 = Debug|Any CPU
		{BEC334AE-9739-49A2-A0D7-84F47B8401DA}.Release|Any CPU.ActiveCfg = Release|Any CPU
		{BEC334AE-9739-49A2-A0D7-84F47B8401DA}.Release|Any CPU.Build.0 = Release|Any CPU
		{B4F229C1-7B46-4BFF-9F4D-2A05EEB8DCB1}.Debug|Any CPU.ActiveCfg = Debug|Any CPU
		{B4F229C1-7B46-4BFF-9F4D-2A05EEB8DCB1}.Debug|Any CPU.Build.0 = Debug|Any CPU
		{B4F229C1-7B46-4BFF-9F4D-2A05EEB8DCB1}.Release|Any CPU.ActiveCfg = Release|Any CPU
		{B4F229C1-7B46-4BFF-9F4D-2A05EEB8DCB1}.Release|Any CPU.Build.0 = Release|Any CPU
		{215BED81-869E-4929-8B64-157AAD2C876C}.Debug|Any CPU.ActiveCfg = Debug|Any CPU
		{215BED81-869E-4929-8B64-157AAD2C876C}.Debug|Any CPU.Build.0 = Debug|Any CPU
		{215BED81-869E-4929-8B64-157AAD2C876C}.Release|Any CPU.ActiveCfg = Release|Any CPU
		{215BED81-869E-4929-8B64-157AAD2C876C}.Release|Any CPU.Build.0 = Release|Any CPU
		{22F50BD8-5E67-4430-B2EB-4A8EAED6561E}.Debug|Any CPU.ActiveCfg = Debug|Any CPU
		{22F50BD8-5E67-4430-B2EB-4A8EAED6561E}.Debug|Any CPU.Build.0 = Debug|Any CPU
		{22F50BD8-5E67-4430-B2EB-4A8EAED6561E}.Release|Any CPU.ActiveCfg = Release|Any CPU
		{22F50BD8-5E67-4430-B2EB-4A8EAED6561E}.Release|Any CPU.Build.0 = Release|Any CPU
	EndGlobalSection
	GlobalSection(SolutionProperties) = preSolution
		HideSolutionNode = FALSE
	EndGlobalSection
EndGlobal
